
Microsoft Visual Studio Solution File, Format Version 12.00
# Visual Studio Version 17
VisualStudioVersion = 17.14.36221.1 d17.14
MinimumVisualStudioVersion = 10.0.40219.1
Project("{FAE04EC0-301F-11D3-BF4B-00C04F79EFBC}") = "RestaurantFinder.Entities", "RestaurantFinder.Entities\RestaurantFinder.Entities.csproj", "{F1A13B44-574A-47CC-A18C-EBE3B07E3978}"
EndProject
Project("{FAE04EC0-301F-11D3-BF4B-00C04F79EFBC}") = "RestaurantFinder.DataAccess", "RestaurantFinder.DataAccess\RestaurantFinder.DataAccess.csproj", "{BF2EE5F2-EC24-4C65-941A-F3576CE5DE1B}"
EndProject
Global
	GlobalSection(SolutionConfigurationPlatforms) = preSolution
		Debug|Any CPU = Debug|Any CPU
		Release|Any CPU = Release|Any CPU
	EndGlobalSection
	GlobalSection(ProjectConfigurationPlatforms) = postSolution
		{F1A13B44-574A-47CC-A18C-EBE3B07E3978}.Debug|Any CPU.ActiveCfg = Debug|Any CPU
		{F1A13B44-574A-47CC-A18C-EBE3B07E3978}.Debug|Any CPU.Build.0 = Debug|Any CPU
		{F1A13B44-574A-47CC-A18C-EBE3B07E3978}.Release|Any CPU.ActiveCfg = Release|Any CPU
		{F1A13B44-574A-47CC-A18C-EBE3B07E3978}.Release|Any CPU.Build.0 = Release|Any CPU
		{BF2EE5F2-EC24-4C65-941A-F3576CE5DE1B}.Debug|Any CPU.ActiveCfg = Debug|Any CPU
		{BF2EE5F2-EC24-4C65-941A-F3576CE5DE1B}.Debug|Any CPU.Build.0 = Debug|Any CPU
		{BF2EE5F2-EC24-4C65-941A-F3576CE5DE1B}.Release|Any CPU.ActiveCfg = Release|Any CPU
		{BF2EE5F2-EC24-4C65-941A-F3576CE5DE1B}.Release|Any CPU.Build.0 = Release|Any CPU
	EndGlobalSection
	GlobalSection(SolutionProperties) = preSolution
		HideSolutionNode = FALSE
	EndGlobalSection
	GlobalSection(ExtensibilityGlobals) = postSolution
		SolutionGuid = {E1607106-6767-4AA0-B5CF-7B1A8F62500F}
	EndGlobalSection
EndGlobal
